PODS:
  - dartimg (0.0.1):
    - FlutterMacOS
  - FlutterMacOS (1.0.0)

DEPENDENCIES:
  - dartimg (from `Flutter/ephemeral/.symlinks/plugins/dartimg/macos`)
  - FlutterMacOS (from `Flutter/ephemeral`)

EXTERNAL SOURCES:
  dartimg:
    :path: Flutter/ephemeral/.symlinks/plugins/dartimg/macos
  FlutterMacOS:
    :path: Flutter/ephemeral

SPEC CHECKSUMS:
  dartimg: ea41eba39a1dc1297377cc1e4ee5eb408d08949b
  FlutterMacOS: 8f6f14fa908a6fb3fba0cd85dbd81ec4b251fb24

PODFILE CHECKSUM: 236401fc2c932af29a9fcf0e97baeeb2d750d367

COCOAPODS: 1.16.2
